
Microsoft Visual Studio Solution File, Format Version 12.00
# Visual Studio 2012
Project("{CC5FD16D-436D-48AD-A40C-5A424C6E3E79}") = "AgentRegisterOpenPart", "AgentRegisterOpenPart.ccproj", "{A116DF19-CFCF-4081-BC4D-51B832EB2A9E}"
EndProject
Project("{FAE04EC0-301F-11D3-BF4B-00C04F79EFBC}") = "AgentRegisterOpenPart.Web", "AgentRegisterOpenPart.Web\AgentRegisterOpenPart.Web.csproj", "{A3917686-F26C-4A8C-B77B-089EFDB49F89}"
EndProject
Global
	GlobalSection(SolutionConfigurationPlatforms) = preSolution
		Debug|Any CPU = Debug|Any CPU
		Release|Any CPU = Release|Any CPU
	EndGlobalSection
	GlobalSection(ProjectConfigurationPlatforms) = postSolution
		{A116DF19-CFCF-4081-BC4D-51B832EB2A9E}.Debug|Any CPU.ActiveCfg = Debug|Any CPU
		{A116DF19-CFCF-4081-BC4D-51B832EB2A9E}.Debug|Any CPU.Build.0 = Debug|Any CPU
		{A116DF19-CFCF-4081-BC4D-51B832EB2A9E}.Release|Any CPU.ActiveCfg = Release|Any CPU
		{A116DF19-CFCF-4081-BC4D-51B832EB2A9E}.Release|Any CPU.Build.0 = Release|Any CPU
		{A116DF19-CFCF-4081-BC4D-51B832EB2A9E}.Release|Any CPU.Deploy.0 = Release|Any CPU
		{A3917686-F26C-4A8C-B77B-089EFDB49F89}.Debug|Any CPU.ActiveCfg = Debug|Any CPU
		{A3917686-F26C-4A8C-B77B-089EFDB49F89}.Debug|Any CPU.Build.0 = Debug|Any CPU
		{A3917686-F26C-4A8C-B77B-089EFDB49F89}.Release|Any CPU.ActiveCfg = Release|Any CPU
		{A3917686-F26C-4A8C-B77B-089EFDB49F89}.Release|Any CPU.Build.0 = Release|Any CPU
	EndGlobalSection
	GlobalSection(SolutionProperties) = preSolution
		HideSolutionNode = FALSE
	EndGlobalSection
EndGlobal
