
Microsoft Visual Studio Solution File, Format Version 12.00
# Visual Studio 2012
Project("{CC5FD16D-436D-48AD-A40C-5A424C6E3E79}") = "WindowsAzure1", "WindowsAzure1.ccproj", "{FF7A8134-7D5F-4F36-9118-BFEB77965085}"
EndProject
Project("{FAE04EC0-301F-11D3-BF4B-00C04F79EFBC}") = "Website", "Website\Website.csproj", "{DA3FE8D8-01FA-4139-BDC6-1FDFD4385F83}"
EndProject
Global
	GlobalSection(SolutionConfigurationPlatforms) = preSolution
		Debug|Any CPU = Debug|Any CPU
		Release|Any CPU = Release|Any CPU
	EndGlobalSection
	GlobalSection(ProjectConfigurationPlatforms) = postSolution
		{FF7A8134-7D5F-4F36-9118-BFEB77965085}.Debug|Any CPU.ActiveCfg = Debug|Any CPU
		{FF7A8134-7D5F-4F36-9118-BFEB77965085}.Debug|Any CPU.Build.0 = Debug|Any CPU
		{FF7A8134-7D5F-4F36-9118-BFEB77965085}.Release|Any CPU.ActiveCfg = Release|Any CPU
		{FF7A8134-7D5F-4F36-9118-BFEB77965085}.Release|Any CPU.Build.0 = Release|Any CPU
		{DA3FE8D8-01FA-4139-BDC6-1FDFD4385F83}.Debug|Any CPU.ActiveCfg = Debug|Any CPU
		{DA3FE8D8-01FA-4139-BDC6-1FDFD4385F83}.Debug|Any CPU.Build.0 = Debug|Any CPU
		{DA3FE8D8-01FA-4139-BDC6-1FDFD4385F83}.Release|Any CPU.ActiveCfg = Release|Any CPU
		{DA3FE8D8-01FA-4139-BDC6-1FDFD4385F83}.Release|Any CPU.Build.0 = Release|Any CPU
	EndGlobalSection
	GlobalSection(SolutionProperties) = preSolution
		HideSolutionNode = FALSE
	EndGlobalSection
EndGlobal
